// !$*UTF8*$!
{
	archiveVersion = 1;
	classes = {
	};
	objectVersion = 46;
	objects = {

/* Begin PBXBuildFile section */
		11C5E87E143BDC20008E01A7 /* Cocoa.framework in Frameworks */ = {isa = PBXBuildFile; fileRef = 11C5E87D143BDC20008E01A7 /* Cocoa.framework */; };
		11C5E888143BDC20008E01A7 /* InfoPlist.strings in Resources */ = {isa = PBXBuildFile; fileRef = 11C5E886143BDC20008E01A7 /* InfoPlist.strings */; };
		11C5E88A143BDC20008E01A7 /* main.m in Sources */ = {isa = PBXBuildFile; fileRef = 11C5E889143BDC20008E01A7 /* main.m */; };
		11C5E88E143BDC20008E01A7 /* Credits.rtf in Resources */ = {isa = PBXBuildFile; fileRef = 11C5E88C143BDC20008E01A7 /* Credits.rtf */; };
		11C5E891143BDC20008E01A7 /* testAppDelegate.m in Sources */ = {isa = PBXBuildFile; fileRef = 11C5E890143BDC20008E01A7 /* testAppDelegate.m */; };
		11C5E894143BDC20008E01A7 /* MainMenu.xib in Resources */ = {isa = PBXBuildFile; fileRef = 11C5E892143BDC20008E01A7 /* MainMenu.xib */; };
		11C5E89B143BDC3A008E01A7 /* WebKit.framework in Frameworks */ = {isa = PBXBuildFile; fileRef = 11C5E89A143BDC3A008E01A7 /* WebKit.framework */; };
/* End PBXBuildFile section */

/* Begin PBXFileReference section */
		11C5E879143BDC20008E01A7 /* test.app */ = {isa = PBXFileReference; explicitFileType = wrapper.application; includeInIndex = 0; path = test.app; sourceTree = BUILT_PRODUCTS_DIR; };
		11C5E87D143BDC20008E01A7 /* Cocoa.framework */ = {isa = PBXFileReference; lastKnownFileType = wrapper.framework; name = Cocoa.framework; path = System/Library/Frameworks/Cocoa.framework; sourceTree = SDKROOT; };
		11C5E880143BDC20008E01A7 /* AppKit.framework */ = {isa = PBXFileReference; lastKnownFileType = wrapper.framework; name = AppKit.framework; path = System/Library/Frameworks/AppKit.framework; sourceTree = SDKROOT; };
		11C5E881143BDC20008E01A7 /* CoreData.framework */ = {isa = PBXFileReference; lastKnownFileType = wrapper.framework; name = CoreData.framework; path = System/Library/Frameworks/CoreData.framework; sourceTree = SDKROOT; };
		11C5E882143BDC20008E01A7 /* Foundation.framework */ = {isa = PBXFileReference; lastKnownFileType = wrapper.framework; name = Foundation.framework; path = System/Library/Frameworks/Foundation.framework; sourceTree = SDKROOT; };
		11C5E885143BDC20008E01A7 /* test-Info.plist */ = {isa = PBXFileReference; lastKnownFileType = text.plist.xml; path = "test-Info.plist"; sourceTree = "<group>"; };
		11C5E887143BDC20008E01A7 /* en */ = {isa = PBXFileReference; lastKnownFileType = text.plist.strings; name = en; path = en.lproj/InfoPlist.strings; sourceTree = "<group>"; };
		11C5E889143BDC20008E01A7 /* main.m */ = {isa = PBXFileReference; lastKnownFileType = sourcecode.c.objc; path = main.m; sourceTree = "<group>"; };
		11C5E88B143BDC20008E01A7 /* test-Prefix.pch */ = {isa = PBXFileReference; lastKnownFileType = sourcecode.c.h; path = "test-Prefix.pch"; sourceTree = "<group>"; };
		11C5E88D143BDC20008E01A7 /* en */ = {isa = PBXFileReference; lastKnownFileType = text.rtf; name = en; path = en.lproj/Credits.rtf; sourceTree = "<group>"; };
		11C5E88F143BDC20008E01A7 /* testAppDelegate.h */ = {isa = PBXFileReference; lastKnownFileType = sourcecode.c.h; path = testAppDelegate.h; sourceTree = "<group>"; };
		11C5E890143BDC20008E01A7 /* testAppDelegate.m */ = {isa = PBXFileReference; lastKnownFileType = sourcecode.c.objc; path = testAppDelegate.m; sourceTree = "<group>"; };
		11C5E893143BDC20008E01A7 /* en */ = {isa = PBXFileReference; lastKnownFileType = file.xib; name = en; path = en.lproj/MainMenu.xib; sourceTree = "<group>"; };
		11C5E89A143BDC3A008E01A7 /* WebKit.framework */ = {isa = PBXFileReference; lastKnownFileType = wrapper.framework; name = WebKit.framework; path = System/Library/Frameworks/WebKit.framework; sourceTree = SDKROOT; };
/* End PBXFileReference section */

/* Begin PBXFrameworksBuildPhase section */
		11C5E876143BDC20008E01A7 /* Frameworks */ = {
			isa = PBXFrameworksBuildPhase;
			buildActionMask = 2147483647;
			files = (
				11C5E89B143BDC3A008E01A7 /* WebKit.framework in Frameworks */,
				11C5E87E143BDC20008E01A7 /* Cocoa.framework in Frameworks */,
			);
			runOnlyForDeploymentPostprocessing = 0;
		};
/* End PBXFrameworksBuildPhase section */

/* Begin PBXGroup section */
		11C5E86E143BDC20008E01A7 = {
			isa = PBXGroup;
			children = (
				11C5E883143BDC20008E01A7 /* test */,
				11C5E87C143BDC20008E01A7 /* Frameworks */,
				11C5E87A143BDC20008E01A7 /* Products */,
			);
			sourceTree = "<group>";
		};
		11C5E87A143BDC20008E01A7 /* Products */ = {
			isa = PBXGroup;
			children = (
				11C5E879143BDC20008E01A7 /* test.app */,
			);
			name = Products;
			sourceTree = "<group>";
		};
		11C5E87C143BDC20008E01A7 /* Frameworks */ = {
			isa = PBXGroup;
			children = (
				11C5E87D143BDC20008E01A7 /* Cocoa.framework */,
				11C5E87F143BDC20008E01A7 /* Other Frameworks */,
			);
			name = Frameworks;
			sourceTree = "<group>";
		};
		11C5E87F143BDC20008E01A7 /* Other Frameworks */ = {
			isa = PBXGroup;
			children = (
				11C5E89A143BDC3A008E01A7 /* WebKit.framework */,
				11C5E880143BDC20008E01A7 /* AppKit.framework */,
				11C5E881143BDC20008E01A7 /* CoreData.framework */,
				11C5E882143BDC20008E01A7 /* Foundation.framework */,
			);
			name = "Other Frameworks";
			sourceTree = "<group>";
		};
		11C5E883143BDC20008E01A7 /* test */ = {
			isa = PBXGroup;
			children = (
				11C5E88F143BDC20008E01A7 /* testAppDelegate.h */,
				11C5E890143BDC20008E01A7 /* testAppDelegate.m */,
				11C5E892143BDC20008E01A7 /* MainMenu.xib */,
				11C5E884143BDC20008E01A7 /* Supporting Files */,
			);
			path = test;
			sourceTree = "<group>";
		};
		11C5E884143BDC20008E01A7 /* Supporting Files */ = {
			isa = PBXGroup;
			children = (
				11C5E885143BDC20008E01A7 /* test-Info.plist */,
				11C5E886143BDC20008E01A7 /* InfoPlist.strings */,
				11C5E889143BDC20008E01A7 /* main.m */,
				11C5E88B143BDC20008E01A7 /* test-Prefix.pch */,
				11C5E88C143BDC20008E01A7 /* Credits.rtf */,
			);
			name = "Supporting Files";
			sourceTree = "<group>";
		};
/* End PBXGroup section */

/* Begin PBXNativeTarget section */
		11C5E878143BDC20008E01A7 /* test */ = {
			isa = PBXNativeTarget;
			buildConfigurationList = 11C5E897143BDC20008E01A7 /* Build configuration list for PBXNativeTarget "test" */;
			buildPhases = (
				11C5E875143BDC20008E01A7 /* Sources */,
				11C5E876143BDC20008E01A7 /* Frameworks */,
				11C5E877143BDC20008E01A7 /* Resources */,
			);
			buildRules = (
			);
			dependencies = (
			);
			name = test;
			productName = test;
			productReference = 11C5E879143BDC20008E01A7 /* test.app */;
			productType = "com.apple.product-type.application";
		};
/* End PBXNativeTarget section */

/* Begin PBXProject section */
		11C5E870143BDC20008E01A7 /* Project object */ = {
			isa = PBXProject;
			attributes = {
				ORGANIZATIONNAME = "Chimp Studios";
			};
			buildConfigurationList = 11C5E873143BDC20008E01A7 /* Build configuration list for PBXProject "test" */;
			compatibilityVersion = "Xcode 3.2";
			developmentRegion = English;
			hasScannedForEncodings = 0;
			knownRegions = (
				en,
			);
			mainGroup = 11C5E86E143BDC20008E01A7;
			productRefGroup = 11C5E87A143BDC20008E01A7 /* Products */;
			projectDirPath = "";
			projectRoot = "";
			targets = (
				11C5E878143BDC20008E01A7 /* test */,
			);
		};
/* End PBXProject section */

/* Begin PBXResourcesBuildPhase section */
		11C5E877143BDC20008E01A7 /* Resources */ = {
			isa = PBXResourcesBuildPhase;
			buildActionMask = 2147483647;
			files = (
				11C5E888143BDC20008E01A7 /* InfoPlist.strings in Resources */,
				11C5E88E143BDC20008E01A7 /* Credits.rtf in Resources */,
				11C5E894143BDC20008E01A7 /* MainMenu.xib in Resources */,
			);
			runOnlyForDeploymentPostprocessing = 0;
		};
/* End PBXResourcesBuildPhase section */

/* Begin PBXSourcesBuildPhase section */
		11C5E875143BDC20008E01A7 /* Sources */ = {
			isa = PBXSourcesBuildPhase;
			buildActionMask = 2147483647;
			files = (
				11C5E88A143BDC20008E01A7 /* main.m in Sources */,
				11C5E891143BDC20008E01A7 /* testAppDelegate.m in Sources */,
			);
			runOnlyForDeploymentPostprocessing = 0;
		};
/* End PBXSourcesBuildPhase section */

/* Begin PBXVariantGroup section */
		11C5E886143BDC20008E01A7 /* InfoPlist.strings */ = {
			isa = PBXVariantGroup;
			children = (
				11C5E887143BDC20008E01A7 /* en */,
			);
			name = InfoPlist.strings;
			sourceTree = "<group>";
		};
		11C5E88C143BDC20008E01A7 /* Credits.rtf */ = {
			isa = PBXVariantGroup;
			children = (
				11C5E88D143BDC20008E01A7 /* en */,
			);
			name = Credits.rtf;
			sourceTree = "<group>";
		};
		11C5E892143BDC20008E01A7 /* MainMenu.xib */ = {
			isa = PBXVariantGroup;
			children = (
				11C5E893143BDC20008E01A7 /* en */,
			);
			name = MainMenu.xib;
			sourceTree = "<group>";
		};
/* End PBXVariantGroup section */

/* Begin XCBuildConfiguration section */
		11C5E895143BDC20008E01A7 /* Debug */ = {
			isa = XCBuildConfiguration;
			buildSettings = {
				ALWAYS_SEARCH_USER_PATHS = NO;
				ARCHS = "$(ARCHS_STANDARD_64_BIT)";
				COPY_PHASE_STRIP = NO;
				GCC_C_LANGUAGE_STANDARD = gnu99;
				GCC_DYNAMIC_NO_PIC = NO;
				GCC_ENABLE_OBJC_EXCEPTIONS = YES;
				GCC_OPTIMIZATION_LEVEL = 0;
				GCC_PREPROCESSOR_DEFINITIONS = (
					"DEBUG=1",
					"$(inherited)",
				);
				GCC_SYMBOLS_PRIVATE_EXTERN = NO;
				GCC_VERSION = com.apple.compilers.llvm.clang.1_0;
				GCC_WARN_64_TO_32_BIT_CONVERSION = YES;
				GCC_WARN_ABOUT_MISSING_PROTOTYPES = YES;
				GCC_WARN_ABOUT_RETURN_TYPE = YES;
				GCC_WARN_UNUSED_VARIABLE = YES;
				MACOSX_DEPLOYMENT_TARGET = 10.7;
				ONLY_ACTIVE_ARCH = YES;
				SDKROOT = macosx;
			};
			name = Debug;
		};
		11C5E896143BDC20008E01A7 /* Release */ = {
			isa = XCBuildConfiguration;
			buildSettings = {
				ALWAYS_SEARCH_USER_PATHS = NO;
				ARCHS = "$(ARCHS_STANDARD_64_BIT)";
				COPY_PHASE_STRIP = YES;
				DEBUG_INFORMATION_FORMAT = "dwarf-with-dsym";
				GCC_C_LANGUAGE_STANDARD = gnu99;
				GCC_ENABLE_OBJC_EXCEPTIONS = YES;
				GCC_VERSION = com.apple.compilers.llvm.clang.1_0;
				GCC_WARN_64_TO_32_BIT_CONVERSION = YES;
				GCC_WARN_ABOUT_MISSING_PROTOTYPES = YES;
				GCC_WARN_ABOUT_RETURN_TYPE = YES;
				GCC_WARN_UNUSED_VARIABLE = YES;
				MACOSX_DEPLOYMENT_TARGET = 10.7;
				SDKROOT = macosx;
			};
			name = Release;
		};
		11C5E898143BDC20008E01A7 /* Debug */ = {
			isa = XCBuildConfiguration;
			buildSettings = {
				GCC_PRECOMPILE_PREFIX_HEADER = YES;
				GCC_PREFIX_HEADER = "test/test-Prefix.pch";
				INFOPLIST_FILE = "test/test-Info.plist";
				PRODUCT_NAME = "$(TARGET_NAME)";
				WRAPPER_EXTENSION = app;
			};
			name = Debug;
		};
		11C5E899143BDC20008E01A7 /* Release */ = {
			isa = XCBuildConfiguration;
			buildSettings = {
				GCC_PRECOMPILE_PREFIX_HEADER = YES;
				GCC_PREFIX_HEADER = "test/test-Prefix.pch";
				INFOPLIST_FILE = "test/test-Info.plist";
				PRODUCT_NAME = "$(TARGET_NAME)";
				WRAPPER_EXTENSION = app;
			};
			name = Release;
		};
/* End XCBuildConfiguration section */

/* Begin XCConfigurationList section */
		11C5E873143BDC20008E01A7 /* Build configuration list for PBXProject "test" */ = {
			isa = XCConfigurationList;
			buildConfigurations = (
				11C5E895143BDC20008E01A7 /* Debug */,
				11C5E896143BDC20008E01A7 /* Release */,
			);
			defaultConfigurationIsVisible = 0;
			defaultConfigurationName = Release;
		};
		11C5E897143BDC20008E01A7 /* Build configuration list for PBXNativeTarget "test" */ = {
			isa = XCConfigurationList;
			buildConfigurations = (
				11C5E898143BDC20008E01A7 /* Debug */,
				11C5E899143BDC20008E01A7 /* Release */,
			);
			defaultConfigurationIsVisible = 0;
		};
/* End XCConfigurationList section */
	};
	rootObject = 11C5E870143BDC20008E01A7 /* Project object */;
}
